
Microsoft Visual Studio Solution File, Format Version 12.00
# Visual Studio Version 16
VisualStudioVersion = 16.0.32413.511
MinimumVisualStudioVersion = 10.0.40219.1
Project("{FAE04EC0-301F-11D3-BF4B-00C04F79EFBC}") = "Lab3_1", "Lab3_1.csproj", "{6C113604-BE0F-4A6C-BC90-B9016B691661}"
EndProject
Global
	GlobalSection(SolutionConfigurationPlatforms) = preSolution
		Debug|Any CPU = Debug|Any CPU
		Release|Any CPU = Release|Any CPU
	EndGlobalSection
	GlobalSection(ProjectConfigurationPlatforms) = postSolution
		{6C113604-BE0F-4A6C-BC90-B9016B691661}.Debug|Any CPU.ActiveCfg = Debug|Any CPU
		{6C113604-BE0F-4A6C-BC90-B9016B691661}.Debug|Any CPU.Build.0 = Debug|Any CPU
		{6C113604-BE0F-4A6C-BC90-B9016B691661}.Release|Any CPU.ActiveCfg = Release|Any CPU
		{6C113604-BE0F-4A6C-BC90-B9016B691661}.Release|Any CPU.Build.0 = Release|Any CPU
	EndGlobalSection
	GlobalSection(SolutionProperties) = preSolution
		HideSolutionNode = FALSE
	EndGlobalSection
	GlobalSection(ExtensibilityGlobals) = postSolution
		SolutionGuid = {4BF0E0D7-28B2-4EFC-88F8-016542833CB2}
	EndGlobalSection
EndGlobal
